
Microsoft Visual Studio Solution File, Format Version 12.00
# Visual Studio Version 16
VisualStudioVersion = 16.0.29911.84
MinimumVisualStudioVersion = 10.0.40219.1
Project("{9A19103F-16F7-4668-BE54-9A1E7A4F7556}") = "Ejer_00", "Ejer_00.csproj", "{F34EA57D-EF52-4A92-8346-5509394C2136}"
EndProject
Project("{9A19103F-16F7-4668-BE54-9A1E7A4F7556}") = "Ejer_01", "..\Ejer_01\Ejer_01.csproj", "{336F2F06-2677-4713-BF94-83FBE26D1A13}"
EndProject
Project("{9A19103F-16F7-4668-BE54-9A1E7A4F7556}") = "Ejer_02", "..\Ejer_02\Ejer_02.csproj", "{8A80792C-5376-48BF-BA17-56EEC6B20915}"
EndProject
Project("{9A19103F-16F7-4668-BE54-9A1E7A4F7556}") = "Ejer_03", "..\Ejer_03\Ejer_03.csproj", "{66B88335-5643-4AFB-AC64-9CA04691A743}"
EndProject
Project("{9A19103F-16F7-4668-BE54-9A1E7A4F7556}") = "Ejer_04", "..\Ejer_04\Ejer_04.csproj", "{5FDBA00D-64E9-4AEB-B7AF-35CAD86DAB5B}"
EndProject
Project("{9A19103F-16F7-4668-BE54-9A1E7A4F7556}") = "Ejer_05", "..\Ejer_05\Ejer_05.csproj", "{27B32E85-DB84-44F9-8116-4E129A334E3C}"
EndProject
Project("{9A19103F-16F7-4668-BE54-9A1E7A4F7556}") = "Ejer_06", "..\Ejer_06\Ejer_06.csproj", "{C9FB75A3-193E-4322-BAB4-31F145A814D5}"
EndProject
Project("{9A19103F-16F7-4668-BE54-9A1E7A4F7556}") = "Ejer_07", "..\Ejer_07\Ejer_07.csproj", "{FAE0C45C-47EF-4660-8A4B-E224E81FC34B}"
EndProject
Project("{9A19103F-16F7-4668-BE54-9A1E7A4F7556}") = "Ejer_08", "..\Ejer_08\Ejer_08.csproj", "{6AE92F5C-CCD8-4B55-9D92-EA3F5DA155D3}"
EndProject
Project("{9A19103F-16F7-4668-BE54-9A1E7A4F7556}") = "Ejer_09", "..\Ejer_09\Ejer_09.csproj", "{3DF7883F-656B-4E02-A25F-6A400AF3875A}"
EndProject
Project("{9A19103F-16F7-4668-BE54-9A1E7A4F7556}") = "Practica de Clases", "..\Practica de Clases\Practica de Clases.csproj", "{90B51722-28C6-485B-A0EC-CA18D0287B61}"
EndProject
Project("{FAE04EC0-301F-11D3-BF4B-00C04F79EFBC}") = "Ejer_11", "..\Ejer_11\Ejer_11.csproj", "{BEBC6EDF-5BE5-4F82-9A8D-23950545E6B6}"
EndProject
Project("{FAE04EC0-301F-11D3-BF4B-00C04F79EFBC}") = "Ejer_12", "..\Ejer_12\Ejer_12.csproj", "{994E201E-4371-4601-BB91-4370964331CB}"
EndProject
Project("{FAE04EC0-301F-11D3-BF4B-00C04F79EFBC}") = "Ejer_13", "..\Ejer_13\Ejer_13.csproj", "{56D90F30-5BF8-418D-9EB6-70E93B23659C}"
EndProject
Project("{FAE04EC0-301F-11D3-BF4B-00C04F79EFBC}") = "Ejer_14", "..\Ejer_14\Ejer_14.csproj", "{22BFA5C8-92B1-4F8F-ADDB-EBF8416E9D05}"
EndProject
Project("{FAE04EC0-301F-11D3-BF4B-00C04F79EFBC}") = "Ejer_15", "..\Ejer_15\Ejer_15.csproj", "{EF3B50DF-DD6B-4803-A98A-15F2D9778334}"
EndProject
Global
	GlobalSection(SolutionConfigurationPlatforms) = preSolution
		Debug|Any CPU = Debug|Any CPU
		Release|Any CPU = Release|Any CPU
	EndGlobalSection
	GlobalSection(ProjectConfigurationPlatforms) = postSolution
		{F34EA57D-EF52-4A92-8346-5509394C2136}.Debug|Any CPU.ActiveCfg = Debug|Any CPU
		{F34EA57D-EF52-4A92-8346-5509394C2136}.Debug|Any CPU.Build.0 = Debug|Any CPU
		{F34EA57D-EF52-4A92-8346-5509394C2136}.Release|Any CPU.ActiveCfg = Release|Any CPU
		{F34EA57D-EF52-4A92-8346-5509394C2136}.Release|Any CPU.Build.0 = Release|Any CPU
		{336F2F06-2677-4713-BF94-83FBE26D1A13}.Debug|Any CPU.ActiveCfg = Debug|Any CPU
		{336F2F06-2677-4713-BF94-83FBE26D1A13}.Debug|Any CPU.Build.0 = Debug|Any CPU
		{336F2F06-2677-4713-BF94-83FBE26D1A13}.Release|Any CPU.ActiveCfg = Release|Any CPU
		{336F2F06-2677-4713-BF94-83FBE26D1A13}.Release|Any CPU.Build.0 = Release|Any CPU
		{8A80792C-5376-48BF-BA17-56EEC6B20915}.Debug|Any CPU.ActiveCfg = Debug|Any CPU
		{8A80792C-5376-48BF-BA17-56EEC6B20915}.Debug|Any CPU.Build.0 = Debug|Any CPU
		{8A80792C-5376-48BF-BA17-56EEC6B20915}.Release|Any CPU.ActiveCfg = Release|Any CPU
		{8A80792C-5376-48BF-BA17-56EEC6B20915}.Release|Any CPU.Build.0 = Release|Any CPU
		{66B88335-5643-4AFB-AC64-9CA04691A743}.Debug|Any CPU.ActiveCfg = Debug|Any CPU
		{66B88335-5643-4AFB-AC64-9CA04691A743}.Debug|Any CPU.Build.0 = Debug|Any CPU
		{66B88335-5643-4AFB-AC64-9CA04691A743}.Release|Any CPU.ActiveCfg = Release|Any CPU
		{66B88335-5643-4AFB-AC64-9CA04691A743}.Release|Any CPU.Build.0 = Release|Any CPU
		{5FDBA00D-64E9-4AEB-B7AF-35CAD86DAB5B}.Debug|Any CPU.ActiveCfg = Debug|Any CPU
		{5FDBA00D-64E9-4AEB-B7AF-35CAD86DAB5B}.Debug|Any CPU.Build.0 = Debug|Any CPU
		{5FDBA00D-64E9-4AEB-B7AF-35CAD86DAB5B}.Release|Any CPU.ActiveCfg = Release|Any CPU
		{5FDBA00D-64E9-4AEB-B7AF-35CAD86DAB5B}.Release|Any CPU.Build.0 = Release|Any CPU
		{27B32E85-DB84-44F9-8116-4E129A334E3C}.Debug|Any CPU.ActiveCfg = Debug|Any CPU
		{27B32E85-DB84-44F9-8116-4E129A334E3C}.Debug|Any CPU.Build.0 = Debug|Any CPU
		{27B32E85-DB84-44F9-8116-4E129A334E3C}.Release|Any CPU.ActiveCfg = Release|Any CPU
		{27B32E85-DB84-44F9-8116-4E129A334E3C}.Release|Any CPU.Build.0 = Release|Any CPU
		{C9FB75A3-193E-4322-BAB4-31F145A814D5}.Debug|Any CPU.ActiveCfg = Debug|Any CPU
		{C9FB75A3-193E-4322-BAB4-31F145A814D5}.Debug|Any CPU.Build.0 = Debug|Any CPU
		{C9FB75A3-193E-4322-BAB4-31F145A814D5}.Release|Any CPU.ActiveCfg = Release|Any CPU
		{C9FB75A3-193E-4322-BAB4-31F145A814D5}.Release|Any CPU.Build.0 = Release|Any CPU
		{FAE0C45C-47EF-4660-8A4B-E224E81FC34B}.Debug|Any CPU.ActiveCfg = Debug|Any CPU
		{FAE0C45C-47EF-4660-8A4B-E224E81FC34B}.Debug|Any CPU.Build.0 = Debug|Any CPU
		{FAE0C45C-47EF-4660-8A4B-E224E81FC34B}.Release|Any CPU.ActiveCfg = Release|Any CPU
		{FAE0C45C-47EF-4660-8A4B-E224E81FC34B}.Release|Any CPU.Build.0 = Release|Any CPU
		{6AE92F5C-CCD8-4B55-9D92-EA3F5DA155D3}.Debug|Any CPU.ActiveCfg = Debug|Any CPU
		{6AE92F5C-CCD8-4B55-9D92-EA3F5DA155D3}.Debug|Any CPU.Build.0 = Debug|Any CPU
		{6AE92F5C-CCD8-4B55-9D92-EA3F5DA155D3}.Release|Any CPU.ActiveCfg = Release|Any CPU
		{6AE92F5C-CCD8-4B55-9D92-EA3F5DA155D3}.Release|Any CPU.Build.0 = Release|Any CPU
		{3DF7883F-656B-4E02-A25F-6A400AF3875A}.Debug|Any CPU.ActiveCfg = Debug|Any CPU
		{3DF7883F-656B-4E02-A25F-6A400AF3875A}.Debug|Any CPU.Build.0 = Debug|Any CPU
		{3DF7883F-656B-4E02-A25F-6A400AF3875A}.Release|Any CPU.ActiveCfg = Release|Any CPU
		{3DF7883F-656B-4E02-A25F-6A400AF3875A}.Release|Any CPU.Build.0 = Release|Any CPU
		{90B51722-28C6-485B-A0EC-CA18D0287B61}.Debug|Any CPU.ActiveCfg = Debug|Any CPU
		{90B51722-28C6-485B-A0EC-CA18D0287B61}.Debug|Any CPU.Build.0 = Debug|Any CPU
		{90B51722-28C6-485B-A0EC-CA18D0287B61}.Release|Any CPU.ActiveCfg = Release|Any CPU
		{90B51722-28C6-485B-A0EC-CA18D0287B61}.Release|Any CPU.Build.0 = Release|Any CPU
		{BEBC6EDF-5BE5-4F82-9A8D-23950545E6B6}.Debug|Any CPU.ActiveCfg = Debug|Any CPU
		{BEBC6EDF-5BE5-4F82-9A8D-23950545E6B6}.Debug|Any CPU.Build.0 = Debug|Any CPU
		{BEBC6EDF-5BE5-4F82-9A8D-23950545E6B6}.Release|Any CPU.ActiveCfg = Release|Any CPU
		{BEBC6EDF-5BE5-4F82-9A8D-23950545E6B6}.Release|Any CPU.Build.0 = Release|Any CPU
		{994E201E-4371-4601-BB91-4370964331CB}.Debug|Any CPU.ActiveCfg = Debug|Any CPU
		{994E201E-4371-4601-BB91-4370964331CB}.Debug|Any CPU.Build.0 = Debug|Any CPU
		{994E201E-4371-4601-BB91-4370964331CB}.Release|Any CPU.ActiveCfg = Release|Any CPU
		{994E201E-4371-4601-BB91-4370964331CB}.Release|Any CPU.Build.0 = Release|Any CPU
		{56D90F30-5BF8-418D-9EB6-70E93B23659C}.Debug|Any CPU.ActiveCfg = Debug|Any CPU
		{56D90F30-5BF8-418D-9EB6-70E93B23659C}.Debug|Any CPU.Build.0 = Debug|Any CPU
		{56D90F30-5BF8-418D-9EB6-70E93B23659C}.Release|Any CPU.ActiveCfg = Release|Any CPU
		{56D90F30-5BF8-418D-9EB6-70E93B23659C}.Release|Any CPU.Build.0 = Release|Any CPU
		{22BFA5C8-92B1-4F8F-ADDB-EBF8416E9D05}.Debug|Any CPU.ActiveCfg = Debug|Any CPU
		{22BFA5C8-92B1-4F8F-ADDB-EBF8416E9D05}.Debug|Any CPU.Build.0 = Debug|Any CPU
		{22BFA5C8-92B1-4F8F-ADDB-EBF8416E9D05}.Release|Any CPU.ActiveCfg = Release|Any CPU
		{22BFA5C8-92B1-4F8F-ADDB-EBF8416E9D05}.Release|Any CPU.Build.0 = Release|Any CPU
		{EF3B50DF-DD6B-4803-A98A-15F2D9778334}.Debug|Any CPU.ActiveCfg = Debug|Any CPU
		{EF3B50DF-DD6B-4803-A98A-15F2D9778334}.Debug|Any CPU.Build.0 = Debug|Any CPU
		{EF3B50DF-DD6B-4803-A98A-15F2D9778334}.Release|Any CPU.ActiveCfg = Release|Any CPU
		{EF3B50DF-DD6B-4803-A98A-15F2D9778334}.Release|Any CPU.Build.0 = Release|Any CPU
	EndGlobalSection
	GlobalSection(SolutionProperties) = preSolution
		HideSolutionNode = FALSE
	EndGlobalSection
	GlobalSection(ExtensibilityGlobals) = postSolution
		SolutionGuid = {49CE6801-7980-4499-BE39-7D2499D168A7}
	EndGlobalSection
EndGlobal
